
Microsoft Visual Studio Solution File, Format Version 12.00
# Visual Studio 15
VisualStudioVersion = 15.0.26906.1
MinimumVisualStudioVersion = 10.0.40219.1
Project("{FAE04EC0-301F-11D3-BF4B-00C04F79EFBC}") = "History", "History\History.csproj", "{C517DEE9-8828-4366-99A8-3E2C7F0167FC}"
EndProject
Project("{FAE04EC0-301F-11D3-BF4B-00C04F79EFBC}") = "LoadSos", "LoadSos\LoadSos.csproj", "{DB78C027-0075-450F-AA07-643E46EBAB39}"
EndProject
Global
	GlobalSection(SolutionConfigurationPlatforms) = preSolution
		Debug|Any CPU = Debug|Any CPU
		Debug|x64 = Debug|x64
		Release|Any CPU = Release|Any CPU
		Release|x64 = Release|x64
	EndGlobalSection
	GlobalSection(ProjectConfigurationPlatforms) = postSolution
		{C517DEE9-8828-4366-99A8-3E2C7F0167FC}.Debug|Any CPU.ActiveCfg = Debug|Any CPU
		{C517DEE9-8828-4366-99A8-3E2C7F0167FC}.Debug|Any CPU.Build.0 = Debug|Any CPU
		{C517DEE9-8828-4366-99A8-3E2C7F0167FC}.Debug|x64.ActiveCfg = Debug|Any CPU
		{C517DEE9-8828-4366-99A8-3E2C7F0167FC}.Debug|x64.Build.0 = Debug|Any CPU
		{C517DEE9-8828-4366-99A8-3E2C7F0167FC}.Release|Any CPU.ActiveCfg = Release|Any CPU
		{C517DEE9-8828-4366-99A8-3E2C7F0167FC}.Release|Any CPU.Build.0 = Release|Any CPU
		{C517DEE9-8828-4366-99A8-3E2C7F0167FC}.Release|x64.ActiveCfg = Release|Any CPU
		{C517DEE9-8828-4366-99A8-3E2C7F0167FC}.Release|x64.Build.0 = Release|Any CPU
		{DB78C027-0075-450F-AA07-643E46EBAB39}.Debug|Any CPU.ActiveCfg = Debug|Any CPU
		{DB78C027-0075-450F-AA07-643E46EBAB39}.Debug|Any CPU.Build.0 = Debug|Any CPU
		{DB78C027-0075-450F-AA07-643E46EBAB39}.Debug|x64.ActiveCfg = Debug|Any CPU
		{DB78C027-0075-450F-AA07-643E46EBAB39}.Debug|x64.Build.0 = Debug|Any CPU
		{DB78C027-0075-450F-AA07-643E46EBAB39}.Release|Any CPU.ActiveCfg = Release|Any CPU
		{DB78C027-0075-450F-AA07-643E46EBAB39}.Release|Any CPU.Build.0 = Release|Any CPU
		{DB78C027-0075-450F-AA07-643E46EBAB39}.Release|x64.ActiveCfg = Release|Any CPU
		{DB78C027-0075-450F-AA07-643E46EBAB39}.Release|x64.Build.0 = Release|Any CPU
	EndGlobalSection
	GlobalSection(SolutionProperties) = preSolution
		HideSolutionNode = FALSE
	EndGlobalSection
	GlobalSection(ExtensibilityGlobals) = postSolution
		SolutionGuid = {2F711948-D19C-4143-A03C-4C843EEAD80B}
	EndGlobalSection
EndGlobal
