
Microsoft Visual Studio Solution File, Format Version 12.00
# Visual Studio 15
VisualStudioVersion = 15.0.27130.2026
MinimumVisualStudioVersion = 10.0.40219.1
Project("{FAE04EC0-301F-11D3-BF4B-00C04F79EFBC}") = "WinDbgExt.History", "History\WinDbgExt.History.csproj", "{C517DEE9-8828-4366-99A8-3E2C7F0167FC}"
EndProject
Project("{FAE04EC0-301F-11D3-BF4B-00C04F79EFBC}") = "WinDbgExt.LoadSos", "LoadSos\WinDbgExt.LoadSos.csproj", "{DB78C027-0075-450F-AA07-643E46EBAB39}"
EndProject
Project("{FAE04EC0-301F-11D3-BF4B-00C04F79EFBC}") = "WindbgScriptRunner", "WindbgScriptRunner\WindbgScriptRunner.csproj", "{937157A8-8E05-447B-8A8C-AB0CAC4E7A80}"
EndProject
Project("{FAE04EC0-301F-11D3-BF4B-00C04F79EFBC}") = "WinDbgExt.RunCSharp", "RunCSharp\WinDbgExt.RunCSharp.csproj", "{ACC95BA0-308A-4932-840A-D3346E98F33A}"
	ProjectSection(ProjectDependencies) = postProject
		{937157A8-8E05-447B-8A8C-AB0CAC4E7A80} = {937157A8-8E05-447B-8A8C-AB0CAC4E7A80}
	EndProjectSection
EndProject
Global
	GlobalSection(SolutionConfigurationPlatforms) = preSolution
		Debug|Any CPU = Debug|Any CPU
		Release|Any CPU = Release|Any CPU
	EndGlobalSection
	GlobalSection(ProjectConfigurationPlatforms) = postSolution
		{C517DEE9-8828-4366-99A8-3E2C7F0167FC}.Debug|Any CPU.ActiveCfg = Debug|Any CPU
		{C517DEE9-8828-4366-99A8-3E2C7F0167FC}.Debug|Any CPU.Build.0 = Debug|Any CPU
		{C517DEE9-8828-4366-99A8-3E2C7F0167FC}.Release|Any CPU.ActiveCfg = Release|Any CPU
		{C517DEE9-8828-4366-99A8-3E2C7F0167FC}.Release|Any CPU.Build.0 = Release|Any CPU
		{DB78C027-0075-450F-AA07-643E46EBAB39}.Debug|Any CPU.ActiveCfg = Debug|Any CPU
		{DB78C027-0075-450F-AA07-643E46EBAB39}.Debug|Any CPU.Build.0 = Debug|Any CPU
		{DB78C027-0075-450F-AA07-643E46EBAB39}.Release|Any CPU.ActiveCfg = Release|Any CPU
		{DB78C027-0075-450F-AA07-643E46EBAB39}.Release|Any CPU.Build.0 = Release|Any CPU
		{937157A8-8E05-447B-8A8C-AB0CAC4E7A80}.Debug|Any CPU.ActiveCfg = Debug|x64
		{937157A8-8E05-447B-8A8C-AB0CAC4E7A80}.Debug|Any CPU.Build.0 = Debug|x64
		{937157A8-8E05-447B-8A8C-AB0CAC4E7A80}.Release|Any CPU.ActiveCfg = Release|x64
		{937157A8-8E05-447B-8A8C-AB0CAC4E7A80}.Release|Any CPU.Build.0 = Release|x64
		{ACC95BA0-308A-4932-840A-D3346E98F33A}.Debug|Any CPU.ActiveCfg = Debug|Any CPU
		{ACC95BA0-308A-4932-840A-D3346E98F33A}.Debug|Any CPU.Build.0 = Debug|Any CPU
		{ACC95BA0-308A-4932-840A-D3346E98F33A}.Release|Any CPU.ActiveCfg = Release|Any CPU
		{ACC95BA0-308A-4932-840A-D3346E98F33A}.Release|Any CPU.Build.0 = Release|Any CPU
	EndGlobalSection
	GlobalSection(SolutionProperties) = preSolution
		HideSolutionNode = FALSE
	EndGlobalSection
	GlobalSection(ExtensibilityGlobals) = postSolution
		SolutionGuid = {2F711948-D19C-4143-A03C-4C843EEAD80B}
	EndGlobalSection
EndGlobal
